
Microsoft Visual Studio Solution File, Format Version 12.00
# Visual Studio Version 17
VisualStudioVersion = 17.5.002.0
MinimumVisualStudioVersion = 10.0.40219.1
Project("{9A19103F-16F7-4668-BE54-9A1E7A4F7556}") = "Composition", "Composition.csproj", "{64BA5CFF-7020-4498-9218-5DC57F132B9C}"
EndProject
Global
	GlobalSection(SolutionConfigurationPlatforms) = preSolution
		Debug|Any CPU = Debug|Any CPU
		Release|Any CPU = Release|Any CPU
	EndGlobalSection
	GlobalSection(ProjectConfigurationPlatforms) = postSolution
		{64BA5CFF-7020-4498-9218-5DC57F132B9C}.Debug|Any CPU.ActiveCfg = Debug|Any CPU
		{64BA5CFF-7020-4498-9218-5DC57F132B9C}.Debug|Any CPU.Build.0 = Debug|Any CPU
		{64BA5CFF-7020-4498-9218-5DC57F132B9C}.Release|Any CPU.ActiveCfg = Release|Any CPU
		{64BA5CFF-7020-4498-9218-5DC57F132B9C}.Release|Any CPU.Build.0 = Release|Any CPU
	EndGlobalSection
	GlobalSection(SolutionProperties) = preSolution
		HideSolutionNode = FALSE
	EndGlobalSection
	GlobalSection(ExtensibilityGlobals) = postSolution
		SolutionGuid = {B9471F45-69CD-49B3-B433-6217F62AF9BC}
	EndGlobalSection
EndGlobal
